// !$*UTF8*$!
{
	archiveVersion = 1;
	classes = {
	};
	objectVersion = 46;
	objects = {

/* Begin PBXBuildFile section */
		14489E7A18A9801F004AE549 /* CoordDeconstructor.cpp in Sources */ = {isa = PBXBuildFile; fileRef = 14489E7918A9801F004AE549 /* CoordDeconstructor.cpp */; };
		1492462C18A2E8DE00049F27 /* Coord.1 in CopyFiles */ = {isa = PBXBuildFile; fileRef = 1492462B18A2E8DE00049F27 /* Coord.1 */; };
		1492463318A2E8EA00049F27 /* Coord.cpp in Sources */ = {isa = PBXBuildFile; fileRef = 1492463218A2E8EA00049F27 /* Coord.cpp */; };
/* End PBXBuildFile section */

/* Begin PBXCopyFilesBuildPhase section */
		1492462418A2E8DE00049F27 /* CopyFiles */ = {
			isa = PBXCopyFilesBuildPhase;
			buildActionMask = 2147483647;
			dstPath = /usr/share/man/man1/;
			dstSubfolderSpec = 0;
			files = (
				1492462C18A2E8DE00049F27 /* Coord.1 in CopyFiles */,
			);
			runOnlyForDeploymentPostprocessing = 1;
		};
/* End PBXCopyFilesBuildPhase section */

/* Begin PBXFileReference section */
		14489E7918A9801F004AE549 /* CoordDeconstructor.cpp */ = {isa = PBXFileReference; fileEncoding = 4; lastKnownFileType = sourcecode.cpp.cpp; name = CoordDeconstructor.cpp; path = ../../../../../Downloads/CoordDeconstructor.cpp; sourceTree = "<group>"; };
		1492462618A2E8DE00049F27 /* Coord */ = {isa = PBXFileReference; explicitFileType = "compiled.mach-o.executable"; includeInIndex = 0; path = Coord; sourceTree = BUILT_PRODUCTS_DIR; };
		1492462B18A2E8DE00049F27 /* Coord.1 */ = {isa = PBXFileReference; lastKnownFileType = text.man; path = Coord.1; sourceTree = "<group>"; };
		1492463218A2E8EA00049F27 /* Coord.cpp */ = {isa = PBXFileReference; fileEncoding = 4; lastKnownFileType = sourcecode.cpp.cpp; name = Coord.cpp; path = ../../Coord.cpp; sourceTree = "<group>"; };
/* End PBXFileReference section */

/* Begin PBXFrameworksBuildPhase section */
		1492462318A2E8DE00049F27 /* Frameworks */ = {
			isa = PBXFrameworksBuildPhase;
			buildActionMask = 2147483647;
			files = (
			);
			runOnlyForDeploymentPostprocessing = 0;
		};
/* End PBXFrameworksBuildPhase section */

/* Begin PBXGroup section */
		1492461D18A2E8DE00049F27 = {
			isa = PBXGroup;
			children = (
				1492462818A2E8DE00049F27 /* Coord */,
				1492462718A2E8DE00049F27 /* Products */,
			);
			sourceTree = "<group>";
		};
		1492462718A2E8DE00049F27 /* Products */ = {
			isa = PBXGroup;
			children = (
				1492462618A2E8DE00049F27 /* Coord */,
			);
			name = Products;
			sourceTree = "<group>";
		};
		1492462818A2E8DE00049F27 /* Coord */ = {
			isa = PBXGroup;
			children = (
				1492463218A2E8EA00049F27 /* Coord.cpp */,
				14489E7918A9801F004AE549 /* CoordDeconstructor.cpp */,
				1492462B18A2E8DE00049F27 /* Coord.1 */,
			);
			path = Coord;
			sourceTree = "<group>";
		};
/* End PBXGroup section */

/* Begin PBXNativeTarget section */
		1492462518A2E8DE00049F27 /* Coord */ = {
			isa = PBXNativeTarget;
			buildConfigurationList = 1492462F18A2E8DE00049F27 /* Build configuration list for PBXNativeTarget "Coord" */;
			buildPhases = (
				1492462218A2E8DE00049F27 /* Sources */,
				1492462318A2E8DE00049F27 /* Frameworks */,
				1492462418A2E8DE00049F27 /* CopyFiles */,
			);
			buildRules = (
			);
			dependencies = (
			);
			name = Coord;
			productName = Coord;
			productReference = 1492462618A2E8DE00049F27 /* Coord */;
			productType = "com.apple.product-type.tool";
		};
/* End PBXNativeTarget section */

/* Begin PBXProject section */
		1492461E18A2E8DE00049F27 /* Project object */ = {
			isa = PBXProject;
			attributes = {
				LastUpgradeCheck = 0500;
				ORGANIZATIONNAME = "Zack Lawton";
			};
			buildConfigurationList = 1492462118A2E8DE00049F27 /* Build configuration list for PBXProject "Coord" */;
			compatibilityVersion = "Xcode 3.2";
			developmentRegion = English;
			hasScannedForEncodings = 0;
			knownRegions = (
				en,
			);
			mainGroup = 1492461D18A2E8DE00049F27;
			productRefGroup = 1492462718A2E8DE00049F27 /* Products */;
			projectDirPath = "";
			projectRoot = "";
			targets = (
				1492462518A2E8DE00049F27 /* Coord */,
			);
		};
/* End PBXProject section */

/* Begin PBXSourcesBuildPhase section */
		1492462218A2E8DE00049F27 /* Sources */ = {
			isa = PBXSourcesBuildPhase;
			buildActionMask = 2147483647;
			files = (
				1492463318A2E8EA00049F27 /* Coord.cpp in Sources */,
				14489E7A18A9801F004AE549 /* CoordDeconstructor.cpp in Sources */,
			);
			runOnlyForDeploymentPostprocessing = 0;
		};
/* End PBXSourcesBuildPhase section */

/* Begin XCBuildConfiguration section */
		1492462D18A2E8DE00049F27 /* Debug */ = {
			isa = XCBuildConfiguration;
			buildSettings = {
				ALWAYS_SEARCH_USER_PATHS = NO;
				CLANG_CXX_LANGUAGE_STANDARD = "gnu++0x";
				CLANG_CXX_LIBRARY = "libc++";
				CLANG_ENABLE_OBJC_ARC = YES;
				CLANG_WARN_BOOL_CONVERSION = YES;
				CLANG_WARN_CONSTANT_CONVERSION = YES;
				CLANG_WARN_DIRECT_OBJC_ISA_USAGE = YES_ERROR;
				CLANG_WARN_EMPTY_BODY = YES;
				CLANG_WARN_ENUM_CONVERSION = YES;
				CLANG_WARN_INT_CONVERSION = YES;
				CLANG_WARN_OBJC_ROOT_CLASS = YES_ERROR;
				CLANG_WARN__DUPLICATE_METHOD_MATCH = YES;
				COPY_PHASE_STRIP = NO;
				GCC_C_LANGUAGE_STANDARD = gnu99;
				GCC_DYNAMIC_NO_PIC = NO;
				GCC_ENABLE_OBJC_EXCEPTIONS = YES;
				GCC_OPTIMIZATION_LEVEL = 0;
				GCC_PREPROCESSOR_DEFINITIONS = (
					"DEBUG=1",
					"$(inherited)",
				);
				GCC_SYMBOLS_PRIVATE_EXTERN = NO;
				GCC_WARN_64_TO_32_BIT_CONVERSION = YES;
				GCC_WARN_ABOUT_RETURN_TYPE = YES_ERROR;
				GCC_WARN_UNDECLARED_SELECTOR = YES;
				GCC_WARN_UNINITIALIZED_AUTOS = YES;
				GCC_WARN_UNUSED_FUNCTION = YES;
				GCC_WARN_UNUSED_VARIABLE = YES;
				MACOSX_DEPLOYMENT_TARGET = 10.9;
				ONLY_ACTIVE_ARCH = YES;
				SDKROOT = macosx;
			};
			name = Debug;
		};
		1492462E18A2E8DE00049F27 /* Release */ = {
			isa = XCBuildConfiguration;
			buildSettings = {
				ALWAYS_SEARCH_USER_PATHS = NO;
				CLANG_CXX_LANGUAGE_STANDARD = "gnu++0x";
				CLANG_CXX_LIBRARY = "libc++";
				CLANG_ENABLE_OBJC_ARC = YES;
				CLANG_WARN_BOOL_CONVERSION = YES;
				CLANG_WARN_CONSTANT_CONVERSION = YES;
				CLANG_WARN_DIRECT_OBJC_ISA_USAGE = YES_ERROR;
				CLANG_WARN_EMPTY_BODY = YES;
				CLANG_WARN_ENUM_CONVERSION = YES;
				CLANG_WARN_INT_CONVERSION = YES;
				CLANG_WARN_OBJC_ROOT_CLASS = YES_ERROR;
				CLANG_WARN__DUPLICATE_METHOD_MATCH = YES;
				COPY_PHASE_STRIP = YES;
				DEBUG_INFORMATION_FORMAT = "dwarf-with-dsym";
				ENABLE_NS_ASSERTIONS = NO;
				GCC_C_LANGUAGE_STANDARD = gnu99;
				GCC_ENABLE_OBJC_EXCEPTIONS = YES;
				GCC_WARN_64_TO_32_BIT_CONVERSION = YES;
				GCC_WARN_ABOUT_RETURN_TYPE = YES_ERROR;
				GCC_WARN_UNDECLARED_SELECTOR = YES;
				GCC_WARN_UNINITIALIZED_AUTOS = YES;
				GCC_WARN_UNUSED_FUNCTION = YES;
				GCC_WARN_UNUSED_VARIABLE = YES;
				MACOSX_DEPLOYMENT_TARGET = 10.9;
				SDKROOT = macosx;
			};
			name = Release;
		};
		1492463018A2E8DE00049F27 /* Debug */ = {
			isa = XCBuildConfiguration;
			buildSettings = {
				PRODUCT_NAME = "$(TARGET_NAME)";
			};
			name = Debug;
		};
		1492463118A2E8DE00049F27 /* Release */ = {
			isa = XCBuildConfiguration;
			buildSettings = {
				PRODUCT_NAME = "$(TARGET_NAME)";
			};
			name = Release;
		};
/* End XCBuildConfiguration section */

/* Begin XCConfigurationList section */
		1492462118A2E8DE00049F27 /* Build configuration list for PBXProject "Coord" */ = {
			isa = XCConfigurationList;
			buildConfigurations = (
				1492462D18A2E8DE00049F27 /* Debug */,
				1492462E18A2E8DE00049F27 /* Release */,
			);
			defaultConfigurationIsVisible = 0;
			defaultConfigurationName = Release;
		};
		1492462F18A2E8DE00049F27 /* Build configuration list for PBXNativeTarget "Coord" */ = {
			isa = XCConfigurationList;
			buildConfigurations = (
				1492463018A2E8DE00049F27 /* Debug */,
				1492463118A2E8DE00049F27 /* Release */,
			);
			defaultConfigurationIsVisible = 0;
			defaultConfigurationName = Release;
		};
/* End XCConfigurationList section */
	};
	rootObject = 1492461E18A2E8DE00049F27 /* Project object */;
}
